
Microsoft Visual Studio Solution File, Format Version 12.00
# Visual Studio Express 15 for Windows Desktop
VisualStudioVersion = 15.0.28307.1145
MinimumVisualStudioVersion = 10.0.40219.1
Project("{FAE04EC0-301F-11D3-BF4B-00C04F79EFBC}") = "_01_Singleton", "_01_Singleton\_01_Singleton.csproj", "{EB91C33A-09FB-44B7-BFC9-A07D0EAFED73}"
EndProject
Global
	GlobalSection(SolutionConfigurationPlatforms) = preSolution
		Debug|Any CPU = Debug|Any CPU
		Release|Any CPU = Release|Any CPU
	EndGlobalSection
	GlobalSection(ProjectConfigurationPlatforms) = postSolution
		{EB91C33A-09FB-44B7-BFC9-A07D0EAFED73}.Debug|Any CPU.ActiveCfg = Debug|Any CPU
		{EB91C33A-09FB-44B7-BFC9-A07D0EAFED73}.Debug|Any CPU.Build.0 = Debug|Any CPU
		{EB91C33A-09FB-44B7-BFC9-A07D0EAFED73}.Release|Any CPU.ActiveCfg = Release|Any CPU
		{EB91C33A-09FB-44B7-BFC9-A07D0EAFED73}.Release|Any CPU.Build.0 = Release|Any CPU
	EndGlobalSection
	GlobalSection(SolutionProperties) = preSolution
		HideSolutionNode = FALSE
	EndGlobalSection
	GlobalSection(ExtensibilityGlobals) = postSolution
		SolutionGuid = {54888A92-29DB-4C83-9D39-EFEF77340338}
	EndGlobalSection
EndGlobal
